
Microsoft Visual Studio Solution File, Format Version 12.00
# Visual Studio 15
VisualStudioVersion = 15.0.27703.2000
MinimumVisualStudioVersion = 10.0.40219.1
Project("{FAE04EC0-301F-11D3-BF4B-00C04F79EFBC}") = "ProjetoDanielMeton", "ProjetoDanielMeton\ProjetoDanielMeton.csproj", "{2E860BFE-15D8-46D5-AF0D-66A830161730}"
EndProject
Project("{FAE04EC0-301F-11D3-BF4B-00C04F79EFBC}") = "UnitTestProjetoDaniel", "UnitTestProjetoDaniel\UnitTestProjetoDaniel.csproj", "{D477EC05-767F-45C7-95B0-5980B73E222F}"
EndProject
Global
	GlobalSection(SolutionConfigurationPlatforms) = preSolution
		Debug|Any CPU = Debug|Any CPU
		Release|Any CPU = Release|Any CPU
	EndGlobalSection
	GlobalSection(ProjectConfigurationPlatforms) = postSolution
		{2E860BFE-15D8-46D5-AF0D-66A830161730}.Debug|Any CPU.ActiveCfg = Debug|Any CPU
		{2E860BFE-15D8-46D5-AF0D-66A830161730}.Debug|Any CPU.Build.0 = Debug|Any CPU
		{2E860BFE-15D8-46D5-AF0D-66A830161730}.Release|Any CPU.ActiveCfg = Release|Any CPU
		{2E860BFE-15D8-46D5-AF0D-66A830161730}.Release|Any CPU.Build.0 = Release|Any CPU
		{D477EC05-767F-45C7-95B0-5980B73E222F}.Debug|Any CPU.ActiveCfg = Debug|Any CPU
		{D477EC05-767F-45C7-95B0-5980B73E222F}.Debug|Any CPU.Build.0 = Debug|Any CPU
		{D477EC05-767F-45C7-95B0-5980B73E222F}.Release|Any CPU.ActiveCfg = Release|Any CPU
		{D477EC05-767F-45C7-95B0-5980B73E222F}.Release|Any CPU.Build.0 = Release|Any CPU
	EndGlobalSection
	GlobalSection(SolutionProperties) = preSolution
		HideSolutionNode = FALSE
	EndGlobalSection
	GlobalSection(ExtensibilityGlobals) = postSolution
		SolutionGuid = {C7996A76-4081-4EF3-95A6-C5B200141334}
	EndGlobalSection
EndGlobal
